
Microsoft Visual Studio Solution File, Format Version 12.00
# Visual Studio Version 16
VisualStudioVersion = 16.0.30503.244
MinimumVisualStudioVersion = 10.0.40219.1
Project("{FAE04EC0-301F-11D3-BF4B-00C04F79EFBC}") = "Liquor Shop", "Liquor Shop\Liquor Shop.csproj", "{D5171E27-C928-4202-B099-49ED4ABF5C42}"
EndProject
Global
	GlobalSection(SolutionConfigurationPlatforms) = preSolution
		Debug|Any CPU = Debug|Any CPU
		Release|Any CPU = Release|Any CPU
	EndGlobalSection
	GlobalSection(ProjectConfigurationPlatforms) = postSolution
		{D5171E27-C928-4202-B099-49ED4ABF5C42}.Debug|Any CPU.ActiveCfg = Debug|Any CPU
		{D5171E27-C928-4202-B099-49ED4ABF5C42}.Debug|Any CPU.Build.0 = Debug|Any CPU
		{D5171E27-C928-4202-B099-49ED4ABF5C42}.Release|Any CPU.ActiveCfg = Release|Any CPU
		{D5171E27-C928-4202-B099-49ED4ABF5C42}.Release|Any CPU.Build.0 = Release|Any CPU
	EndGlobalSection
	GlobalSection(SolutionProperties) = preSolution
		HideSolutionNode = FALSE
	EndGlobalSection
	GlobalSection(ExtensibilityGlobals) = postSolution
		SolutionGuid = {A0FBB972-6678-4AE3-9C72-07F62C226FF0}
	EndGlobalSection
EndGlobal
